<?xml version="1.0" encoding="utf-8"?>
<Project ToolsVersion="4.0" xmlns="http://schemas.microsoft.com/developer/msbuild/2003">
  <ItemGroup>
    <Filter Include="Source Files">
      <UniqueIdentifier>{4FC737F1-C7A5-4376-A066-2A32D752A2FF}</UniqueIdentifier>
      <Extensions>cpp;c;cc;cxx;def;odl;idl;hpj;bat;asm;asmx</Extensions>
    </Filter>
    <Filter Include="Header Files">
      <UniqueIdentifier>{93995380-89BD-4b04-88EB-625FBE52EBFB}</UniqueIdentifier>
      <Extensions>h;hh;hpp;hxx;hm;inl;inc;xsd</Extensions>
    </Filter>
    <Filter Include="Resource Files">
      <UniqueIdentifier>{67DA6AB6-F800-4c08-8B7A-83BB121AAD01}</UniqueIdentifier>
      <Extensions>rc;ico;cur;bmp;dlg;rc2;rct;bin;rgs;gif;jpg;jpeg;jpe;resx;tiff;tif;png;wav;mfcribbon-ms</Extensions>
    </Filter>
    <Filter Include="Header Files\Elements">
      <UniqueIdentifier>{3dbec5bb-f73b-489c-8cbc-ad10f0329a25}</UniqueIdentifier>
    </Filter>
  </ItemGroup>
  <ItemGroup>
    <ClCompile Include="Main.cpp">
      <Filter>Source Files</Filter>
    </ClCompile>
    <ClCompile Include="Util.cpp">
      <Filter>Source Files</Filter>
    </ClCompile>
    <ClCompile Include="MatTransformer.cpp">
      <Filter>Source Files</Filter>
    </ClCompile>
    <ClCompile Include="MatDrawer.cpp">
      <Filter>Source Files</Filter>
    </ClCompile>
    <ClCompile Include="ActivityRecognition.cpp">
      <Filter>Source Files</Filter>
    </ClCompile>
    <ClCompile Include="ActivityFactory.cpp">
      <Filter>Source Files</Filter>
    </ClCompile>
  </ItemGroup>
  <ItemGroup>
    <ClInclude Include="Enums.h">
      <Filter>Header Files</Filter>
    </ClInclude>
    <ClInclude Include="OpenCVHeaders.h">
      <Filter>Header Files</Filter>
    </ClInclude>
    <ClInclude Include="MatTransformer.h">
      <Filter>Header Files</Filter>
    </ClInclude>
    <ClInclude Include="Util.h">
      <Filter>Header Files</Filter>
    </ClInclude>
    <ClInclude Include="MatDrawer.h">
      <Filter>Header Files</Filter>
    </ClInclude>
    <ClInclude Include="ActivityRecognition.h">
      <Filter>Header Files</Filter>
    </ClInclude>
    <ClInclude Include="AcitivityElement.h">
      <Filter>Header Files\Elements</Filter>
    </ClInclude>
    <ClInclude Include="ActionElement.h">
      <Filter>Header Files\Elements</Filter>
    </ClInclude>
    <ClInclude Include="DecisionElement.h">
      <Filter>Header Files\Elements</Filter>
    </ClInclude>
    <ClInclude Include="InitialNodelement.h">
      <Filter>Header Files\Elements</Filter>
    </ClInclude>
    <ClInclude Include="FinalNodeElement.h">
      <Filter>Header Files\Elements</Filter>
    </ClInclude>
    <ClInclude Include="ActivityFactory.h">
      <Filter>Header Files</Filter>
    </ClInclude>
    <ClInclude Include="ActivityElementHeaders.h">
      <Filter>Header Files\Elements</Filter>
    </ClInclude>
    <ClInclude Include="LineElement.h">
      <Filter>Header Files\Elements</Filter>
    </ClInclude>
    <ClInclude Include="boolinq.h">
      <Filter>Header Files</Filter>
    </ClInclude>
    <ClInclude Include="CvWrapperTypeDefs.h">
      <Filter>Header Files</Filter>
    </ClInclude>
  </ItemGroup>
</Project>